
Microsoft Visual Studio Solution File, Format Version 12.00
# Visual Studio 15
VisualStudioVersion = 15.0.26228.4
MinimumVisualStudioVersion = 10.0.40219.1
Project("{2150E333-8FDC-42A3-9474-1A3956D46DE8}") = "Foundation", "Foundation", "{C3F57797-2D54-4626-B842-51F30272E972}"
EndProject
Project("{2150E333-8FDC-42A3-9474-1A3956D46DE8}") = "Serialization", "Serialization", "{41AC9AD8-3D81-4C55-9330-B9CA9DFD8554}"
EndProject
Project("{FAE04EC0-301F-11D3-BF4B-00C04F79EFBC}") = "Helixbase.Foundation.Serialization", "src\Foundation\Serialization\code\Helixbase.Foundation.Serialization.csproj", "{4238D5C5-AFD2-4DF5-BF3D-ADB9D46ADC08}"
EndProject
Project("{2150E333-8FDC-42A3-9474-1A3956D46DE8}") = "ORM", "ORM", "{01ACDA66-22F3-4F9B-BF2A-861D3CE46784}"
EndProject
Project("{FAE04EC0-301F-11D3-BF4B-00C04F79EFBC}") = "Helixbase.Foundation.ORM", "src\Foundation\ORM\code\Helixbase.Foundation.ORM.csproj", "{5E91A7D9-8E93-44FD-857F-F9CE145B6022}"
EndProject
Project("{FAE04EC0-301F-11D3-BF4B-00C04F79EFBC}") = "Helixbase.Foundation.ORM.Tests", "src\Foundation\ORM\Tests\Helixbase.Foundation.ORM.Tests.csproj", "{0D501D66-8F98-4D3B-B600-2AFFA1FE9C35}"
EndProject
Project("{2150E333-8FDC-42A3-9474-1A3956D46DE8}") = "Content", "Content", "{F2FD5CAD-01CE-40D6-82B5-E243313A4CD3}"
EndProject
Project("{FAE04EC0-301F-11D3-BF4B-00C04F79EFBC}") = "Helixbase.Foundation.Content", "src\Foundation\Content\code\Helixbase.Foundation.Content.csproj", "{F8F55034-FA55-4D27-B115-0AB4EEB9A0A8}"
EndProject
Project("{FAE04EC0-301F-11D3-BF4B-00C04F79EFBC}") = "Helixbase.Foundation.Content.Tests", "src\Foundation\Content\Tests\Helixbase.Foundation.Content.Tests.csproj", "{4DE56B9B-7C72-4785-88CA-AB972C2BE47B}"
EndProject
Project("{2150E333-8FDC-42A3-9474-1A3956D46DE8}") = "Search", "Search", "{1065468B-FB5C-4E5F-9050-CBC87D178BB6}"
EndProject
Project("{FAE04EC0-301F-11D3-BF4B-00C04F79EFBC}") = "Helixbase.Foundation.Search", "src\Foundation\Search\code\Helixbase.Foundation.Search.csproj", "{22686DC6-4E6C-4D98-84B7-C48042F5B8FC}"
EndProject
Project("{FAE04EC0-301F-11D3-BF4B-00C04F79EFBC}") = "Helixbase.Foundation.Search.Tests", "src\Foundation\Search\Tests\Helixbase.Foundation.Search.Tests.csproj", "{199E7C65-7E29-4493-A132-42417600AFCE}"
EndProject
Project("{2150E333-8FDC-42A3-9474-1A3956D46DE8}") = "Feature", "Feature", "{60DA3F20-DEED-4580-AE38-A296D76ADE79}"
EndProject
Project("{2150E333-8FDC-42A3-9474-1A3956D46DE8}") = "Hero", "Hero", "{2884EE1D-1D5D-4273-80BF-B0AEBFC7A2AE}"
EndProject
Project("{FAE04EC0-301F-11D3-BF4B-00C04F79EFBC}") = "Helixbase.Feature.Hero", "src\Feature\Hero\code\Helixbase.Feature.Hero.csproj", "{3466026C-5B9B-4274-8B17-60763BD56C69}"
EndProject
Project("{FAE04EC0-301F-11D3-BF4B-00C04F79EFBC}") = "Helixbase.Feature.Hero.Tests", "src\Feature\Hero\Tests\Helixbase.Feature.Hero.Tests.csproj", "{2845D41D-82F1-4B2F-AF9C-DFFCCF7A3098}"
EndProject
Project("{2150E333-8FDC-42A3-9474-1A3956D46DE8}") = "Project", "Project", "{A7FC0385-84B6-4FB4-92DD-7372A45444F7}"
EndProject
Project("{2150E333-8FDC-42A3-9474-1A3956D46DE8}") = "Configuration", "Configuration", "{48A68BF7-0608-4AA9-9F36-809E2731150A}"
	ProjectSection(SolutionItems) = preProject
		.gitattributes = .gitattributes
		.gitignore = .gitignore
		gulp-config.js = gulp-config.js
		gulpfile.js = gulpfile.js
		NuGet.config = NuGet.config
		package.json = package.json
		README.md = README.md
	EndProjectSection
EndProject
Project("{2150E333-8FDC-42A3-9474-1A3956D46DE8}") = "Common", "Common", "{27F11553-4B8F-4B6D-8B81-37DDE6046F31}"
EndProject
Project("{FAE04EC0-301F-11D3-BF4B-00C04F79EFBC}") = "Helixbase.Project.Common", "src\Project\Common\code\Helixbase.Project.Common.csproj", "{6F8C583B-E667-4DEB-A603-77932C7803B0}"
EndProject
Project("{2150E333-8FDC-42A3-9474-1A3956D46DE8}") = "Helixbase", "Helixbase", "{160DA988-084C-41E4-B714-00E127957ED0}"
EndProject
Project("{FAE04EC0-301F-11D3-BF4B-00C04F79EFBC}") = "Helixbase.Project.Helixbase", "src\Project\Helixbase\code\Helixbase.Project.Helixbase.csproj", "{BE27848D-2FF5-42DF-9324-667D66D47E30}"
EndProject
Project("{2150E333-8FDC-42A3-9474-1A3956D46DE8}") = "Bootstrap", "Bootstrap", "{CB31D0CF-43E4-47F3-876D-AAD5BA121FC2}"
EndProject
Project("{FAE04EC0-301F-11D3-BF4B-00C04F79EFBC}") = "Helixbase.Foundation.Bootstrap", "src\Foundation\Bootstrap\code\Helixbase.Foundation.Bootstrap.csproj", "{44403DB5-5AF0-4BB8-A227-E9A8416947A4}"
EndProject
Project("{2150E333-8FDC-42A3-9474-1A3956D46DE8}") = "Redirects", "Redirects", "{592F0AD6-D42F-497C-A67F-E0A021685505}"
EndProject
Project("{FAE04EC0-301F-11D3-BF4B-00C04F79EFBC}") = "Helixbase.Foundation.Redirects", "src\Foundation\Redirects\code\Helixbase.Foundation.Redirects.csproj", "{70010557-C866-4D76-A031-C78411C7DBF4}"
EndProject
Project("{FAE04EC0-301F-11D3-BF4B-00C04F79EFBC}") = "Helixbase.Foundation.Redirects.Tests", "src\Foundation\Redirects\Tests\Helixbase.Foundation.Redirects.Tests.csproj", "{0C6AB419-5408-49DF-B7AD-6B334F706CCD}"
EndProject
Project("{2150E333-8FDC-42A3-9474-1A3956D46DE8}") = "DI", "DI", "{0ACE73B5-5F04-4603-BC37-63706BEF40AB}"
EndProject
Project("{FAE04EC0-301F-11D3-BF4B-00C04F79EFBC}") = "Helixbase.Foundation.DI", "src\Foundation\DI\code\Helixbase.Foundation.DI.csproj", "{0D3A6F11-B5FF-4D8C-8A74-19501D2E80D4}"
EndProject
Project("{FAE04EC0-301F-11D3-BF4B-00C04F79EFBC}") = "Helixbase.Foundation.DI.Tests", "src\Foundation\DI\Tests\Helixbase.Foundation.DI.Tests.csproj", "{199E7C65-7E29-4493-A132-42417600AFCF}"
EndProject
Project("{2150E333-8FDC-42A3-9474-1A3956D46DE8}") = "Rules", "Rules", "{4F330EE3-EB9A-4B58-8682-E0815921771F}"
EndProject
Project("{FAE04EC0-301F-11D3-BF4B-00C04F79EFBC}") = "Helixbase.Foundation.Rules", "src\Foundation\Rules\code\Helixbase.Foundation.Rules.csproj", "{ED756657-14BA-4313-A51B-A2960BD6F5DA}"
EndProject
Project("{FAE04EC0-301F-11D3-BF4B-00C04F79EFBC}") = "Helixbase.Foundation.Rules.Tests", "src\Foundation\Rules\Tests\Helixbase.Foundation.Rules.Tests.csproj", "{E2A753C7-3601-472C-A8CF-516CA4DEFA6A}"
EndProject
Project("{2150E333-8FDC-42A3-9474-1A3956D46DE8}") = "Models", "Models", "{8D64BF12-9F0D-4487-AE09-D11E95AFBE9D}"
EndProject
Project("{FAE04EC0-301F-11D3-BF4B-00C04F79EFBC}") = "Helixbase.Foundation.Models", "src\Foundation\Models\code\Helixbase.Foundation.Models.csproj", "{3227661F-A60D-486F-A904-14BAF0EB991E}"
EndProject
Project("{FAE04EC0-301F-11D3-BF4B-00C04F79EFBC}") = "Helixbase.Foundation.Models.Tests", "src\Foundation\Models\Tests\Helixbase.Foundation.Models.Tests.csproj", "{9899B10E-C86A-460E-811B-033F93188808}"
EndProject
Global
	GlobalSection(SolutionConfigurationPlatforms) = preSolution
		Debug|Any CPU = Debug|Any CPU
		Release|Any CPU = Release|Any CPU
	EndGlobalSection
	GlobalSection(ProjectConfigurationPlatforms) = postSolution
		{4238D5C5-AFD2-4DF5-BF3D-ADB9D46ADC08}.Debug|Any CPU.ActiveCfg = Debug|Any CPU
		{4238D5C5-AFD2-4DF5-BF3D-ADB9D46ADC08}.Debug|Any CPU.Build.0 = Debug|Any CPU
		{4238D5C5-AFD2-4DF5-BF3D-ADB9D46ADC08}.Release|Any CPU.ActiveCfg = Release|Any CPU
		{4238D5C5-AFD2-4DF5-BF3D-ADB9D46ADC08}.Release|Any CPU.Build.0 = Release|Any CPU
		{5E91A7D9-8E93-44FD-857F-F9CE145B6022}.Debug|Any CPU.ActiveCfg = Debug|Any CPU
		{5E91A7D9-8E93-44FD-857F-F9CE145B6022}.Debug|Any CPU.Build.0 = Debug|Any CPU
		{5E91A7D9-8E93-44FD-857F-F9CE145B6022}.Release|Any CPU.ActiveCfg = Release|Any CPU
		{5E91A7D9-8E93-44FD-857F-F9CE145B6022}.Release|Any CPU.Build.0 = Release|Any CPU
		{0D501D66-8F98-4D3B-B600-2AFFA1FE9C35}.Debug|Any CPU.ActiveCfg = Debug|Any CPU
		{0D501D66-8F98-4D3B-B600-2AFFA1FE9C35}.Debug|Any CPU.Build.0 = Debug|Any CPU
		{0D501D66-8F98-4D3B-B600-2AFFA1FE9C35}.Release|Any CPU.ActiveCfg = Release|Any CPU
		{F8F55034-FA55-4D27-B115-0AB4EEB9A0A8}.Debug|Any CPU.ActiveCfg = Debug|Any CPU
		{F8F55034-FA55-4D27-B115-0AB4EEB9A0A8}.Debug|Any CPU.Build.0 = Debug|Any CPU
		{F8F55034-FA55-4D27-B115-0AB4EEB9A0A8}.Release|Any CPU.ActiveCfg = Release|Any CPU
		{F8F55034-FA55-4D27-B115-0AB4EEB9A0A8}.Release|Any CPU.Build.0 = Release|Any CPU
		{4DE56B9B-7C72-4785-88CA-AB972C2BE47B}.Debug|Any CPU.ActiveCfg = Debug|Any CPU
		{4DE56B9B-7C72-4785-88CA-AB972C2BE47B}.Debug|Any CPU.Build.0 = Debug|Any CPU
		{4DE56B9B-7C72-4785-88CA-AB972C2BE47B}.Release|Any CPU.ActiveCfg = Release|Any CPU
		{22686DC6-4E6C-4D98-84B7-C48042F5B8FC}.Debug|Any CPU.ActiveCfg = Debug|Any CPU
		{22686DC6-4E6C-4D98-84B7-C48042F5B8FC}.Debug|Any CPU.Build.0 = Debug|Any CPU
		{22686DC6-4E6C-4D98-84B7-C48042F5B8FC}.Release|Any CPU.ActiveCfg = Release|Any CPU
		{22686DC6-4E6C-4D98-84B7-C48042F5B8FC}.Release|Any CPU.Build.0 = Release|Any CPU
		{199E7C65-7E29-4493-A132-42417600AFCE}.Debug|Any CPU.ActiveCfg = Debug|Any CPU
		{199E7C65-7E29-4493-A132-42417600AFCE}.Debug|Any CPU.Build.0 = Debug|Any CPU
		{199E7C65-7E29-4493-A132-42417600AFCE}.Release|Any CPU.ActiveCfg = Release|Any CPU
		{3466026C-5B9B-4274-8B17-60763BD56C69}.Debug|Any CPU.ActiveCfg = Debug|Any CPU
		{3466026C-5B9B-4274-8B17-60763BD56C69}.Debug|Any CPU.Build.0 = Debug|Any CPU
		{3466026C-5B9B-4274-8B17-60763BD56C69}.Release|Any CPU.ActiveCfg = Release|Any CPU
		{3466026C-5B9B-4274-8B17-60763BD56C69}.Release|Any CPU.Build.0 = Release|Any CPU
		{2845D41D-82F1-4B2F-AF9C-DFFCCF7A3098}.Debug|Any CPU.ActiveCfg = Debug|Any CPU
		{2845D41D-82F1-4B2F-AF9C-DFFCCF7A3098}.Debug|Any CPU.Build.0 = Debug|Any CPU
		{2845D41D-82F1-4B2F-AF9C-DFFCCF7A3098}.Release|Any CPU.ActiveCfg = Release|Any CPU
		{6F8C583B-E667-4DEB-A603-77932C7803B0}.Debug|Any CPU.ActiveCfg = Debug|Any CPU
		{6F8C583B-E667-4DEB-A603-77932C7803B0}.Debug|Any CPU.Build.0 = Debug|Any CPU
		{6F8C583B-E667-4DEB-A603-77932C7803B0}.Release|Any CPU.ActiveCfg = Release|Any CPU
		{6F8C583B-E667-4DEB-A603-77932C7803B0}.Release|Any CPU.Build.0 = Release|Any CPU
		{BE27848D-2FF5-42DF-9324-667D66D47E30}.Debug|Any CPU.ActiveCfg = Debug|Any CPU
		{BE27848D-2FF5-42DF-9324-667D66D47E30}.Debug|Any CPU.Build.0 = Debug|Any CPU
		{BE27848D-2FF5-42DF-9324-667D66D47E30}.Release|Any CPU.ActiveCfg = Release|Any CPU
		{BE27848D-2FF5-42DF-9324-667D66D47E30}.Release|Any CPU.Build.0 = Release|Any CPU
		{44403DB5-5AF0-4BB8-A227-E9A8416947A4}.Debug|Any CPU.ActiveCfg = Debug|Any CPU
		{44403DB5-5AF0-4BB8-A227-E9A8416947A4}.Debug|Any CPU.Build.0 = Debug|Any CPU
		{44403DB5-5AF0-4BB8-A227-E9A8416947A4}.Release|Any CPU.ActiveCfg = Release|Any CPU
		{44403DB5-5AF0-4BB8-A227-E9A8416947A4}.Release|Any CPU.Build.0 = Release|Any CPU
		{70010557-C866-4D76-A031-C78411C7DBF4}.Debug|Any CPU.ActiveCfg = Debug|Any CPU
		{70010557-C866-4D76-A031-C78411C7DBF4}.Debug|Any CPU.Build.0 = Debug|Any CPU
		{70010557-C866-4D76-A031-C78411C7DBF4}.Release|Any CPU.ActiveCfg = Release|Any CPU
		{70010557-C866-4D76-A031-C78411C7DBF4}.Release|Any CPU.Build.0 = Release|Any CPU
		{0C6AB419-5408-49DF-B7AD-6B334F706CCD}.Debug|Any CPU.ActiveCfg = Debug|Any CPU
		{0C6AB419-5408-49DF-B7AD-6B334F706CCD}.Debug|Any CPU.Build.0 = Debug|Any CPU
		{0C6AB419-5408-49DF-B7AD-6B334F706CCD}.Release|Any CPU.ActiveCfg = Release|Any CPU
		{0C6AB419-5408-49DF-B7AD-6B334F706CCD}.Release|Any CPU.Build.0 = Release|Any CPU
		{0D3A6F11-B5FF-4D8C-8A74-19501D2E80D4}.Debug|Any CPU.ActiveCfg = Debug|Any CPU
		{0D3A6F11-B5FF-4D8C-8A74-19501D2E80D4}.Debug|Any CPU.Build.0 = Debug|Any CPU
		{0D3A6F11-B5FF-4D8C-8A74-19501D2E80D4}.Release|Any CPU.ActiveCfg = Release|Any CPU
		{0D3A6F11-B5FF-4D8C-8A74-19501D2E80D4}.Release|Any CPU.Build.0 = Release|Any CPU
		{199E7C65-7E29-4493-A132-42417600AFCF}.Debug|Any CPU.ActiveCfg = Debug|Any CPU
		{199E7C65-7E29-4493-A132-42417600AFCF}.Debug|Any CPU.Build.0 = Debug|Any CPU
		{199E7C65-7E29-4493-A132-42417600AFCF}.Release|Any CPU.ActiveCfg = Release|Any CPU
		{199E7C65-7E29-4493-A132-42417600AFCF}.Release|Any CPU.Build.0 = Release|Any CPU
		{ED756657-14BA-4313-A51B-A2960BD6F5DA}.Debug|Any CPU.ActiveCfg = Debug|Any CPU
		{ED756657-14BA-4313-A51B-A2960BD6F5DA}.Debug|Any CPU.Build.0 = Debug|Any CPU
		{ED756657-14BA-4313-A51B-A2960BD6F5DA}.Release|Any CPU.ActiveCfg = Release|Any CPU
		{ED756657-14BA-4313-A51B-A2960BD6F5DA}.Release|Any CPU.Build.0 = Release|Any CPU
		{E2A753C7-3601-472C-A8CF-516CA4DEFA6A}.Debug|Any CPU.ActiveCfg = Debug|Any CPU
		{E2A753C7-3601-472C-A8CF-516CA4DEFA6A}.Debug|Any CPU.Build.0 = Debug|Any CPU
		{E2A753C7-3601-472C-A8CF-516CA4DEFA6A}.Release|Any CPU.ActiveCfg = Release|Any CPU
		{E2A753C7-3601-472C-A8CF-516CA4DEFA6A}.Release|Any CPU.Build.0 = Release|Any CPU
		{3227661F-A60D-486F-A904-14BAF0EB991E}.Debug|Any CPU.ActiveCfg = Debug|Any CPU
		{3227661F-A60D-486F-A904-14BAF0EB991E}.Debug|Any CPU.Build.0 = Debug|Any CPU
		{3227661F-A60D-486F-A904-14BAF0EB991E}.Release|Any CPU.ActiveCfg = Release|Any CPU
		{3227661F-A60D-486F-A904-14BAF0EB991E}.Release|Any CPU.Build.0 = Release|Any CPU
		{9899B10E-C86A-460E-811B-033F93188808}.Debug|Any CPU.ActiveCfg = Debug|Any CPU
		{9899B10E-C86A-460E-811B-033F93188808}.Debug|Any CPU.Build.0 = Debug|Any CPU
		{9899B10E-C86A-460E-811B-033F93188808}.Release|Any CPU.ActiveCfg = Release|Any CPU
		{9899B10E-C86A-460E-811B-033F93188808}.Release|Any CPU.Build.0 = Release|Any CPU
	EndGlobalSection
	GlobalSection(SolutionProperties) = preSolution
		HideSolutionNode = FALSE
	EndGlobalSection
	GlobalSection(NestedProjects) = preSolution
		{41AC9AD8-3D81-4C55-9330-B9CA9DFD8554} = {C3F57797-2D54-4626-B842-51F30272E972}
		{4238D5C5-AFD2-4DF5-BF3D-ADB9D46ADC08} = {41AC9AD8-3D81-4C55-9330-B9CA9DFD8554}
		{01ACDA66-22F3-4F9B-BF2A-861D3CE46784} = {C3F57797-2D54-4626-B842-51F30272E972}
		{5E91A7D9-8E93-44FD-857F-F9CE145B6022} = {01ACDA66-22F3-4F9B-BF2A-861D3CE46784}
		{0D501D66-8F98-4D3B-B600-2AFFA1FE9C35} = {01ACDA66-22F3-4F9B-BF2A-861D3CE46784}
		{F2FD5CAD-01CE-40D6-82B5-E243313A4CD3} = {C3F57797-2D54-4626-B842-51F30272E972}
		{F8F55034-FA55-4D27-B115-0AB4EEB9A0A8} = {F2FD5CAD-01CE-40D6-82B5-E243313A4CD3}
		{4DE56B9B-7C72-4785-88CA-AB972C2BE47B} = {F2FD5CAD-01CE-40D6-82B5-E243313A4CD3}
		{1065468B-FB5C-4E5F-9050-CBC87D178BB6} = {C3F57797-2D54-4626-B842-51F30272E972}
		{22686DC6-4E6C-4D98-84B7-C48042F5B8FC} = {1065468B-FB5C-4E5F-9050-CBC87D178BB6}
		{199E7C65-7E29-4493-A132-42417600AFCE} = {1065468B-FB5C-4E5F-9050-CBC87D178BB6}
		{2884EE1D-1D5D-4273-80BF-B0AEBFC7A2AE} = {60DA3F20-DEED-4580-AE38-A296D76ADE79}
		{3466026C-5B9B-4274-8B17-60763BD56C69} = {2884EE1D-1D5D-4273-80BF-B0AEBFC7A2AE}
		{2845D41D-82F1-4B2F-AF9C-DFFCCF7A3098} = {2884EE1D-1D5D-4273-80BF-B0AEBFC7A2AE}
		{27F11553-4B8F-4B6D-8B81-37DDE6046F31} = {A7FC0385-84B6-4FB4-92DD-7372A45444F7}
		{6F8C583B-E667-4DEB-A603-77932C7803B0} = {27F11553-4B8F-4B6D-8B81-37DDE6046F31}
		{160DA988-084C-41E4-B714-00E127957ED0} = {A7FC0385-84B6-4FB4-92DD-7372A45444F7}
		{BE27848D-2FF5-42DF-9324-667D66D47E30} = {160DA988-084C-41E4-B714-00E127957ED0}
		{CB31D0CF-43E4-47F3-876D-AAD5BA121FC2} = {C3F57797-2D54-4626-B842-51F30272E972}
		{44403DB5-5AF0-4BB8-A227-E9A8416947A4} = {CB31D0CF-43E4-47F3-876D-AAD5BA121FC2}
		{592F0AD6-D42F-497C-A67F-E0A021685505} = {C3F57797-2D54-4626-B842-51F30272E972}
		{70010557-C866-4D76-A031-C78411C7DBF4} = {592F0AD6-D42F-497C-A67F-E0A021685505}
		{0C6AB419-5408-49DF-B7AD-6B334F706CCD} = {592F0AD6-D42F-497C-A67F-E0A021685505}
		{0ACE73B5-5F04-4603-BC37-63706BEF40AB} = {C3F57797-2D54-4626-B842-51F30272E972}
		{0D3A6F11-B5FF-4D8C-8A74-19501D2E80D4} = {0ACE73B5-5F04-4603-BC37-63706BEF40AB}
		{199E7C65-7E29-4493-A132-42417600AFCF} = {0ACE73B5-5F04-4603-BC37-63706BEF40AB}
		{4F330EE3-EB9A-4B58-8682-E0815921771F} = {C3F57797-2D54-4626-B842-51F30272E972}
		{ED756657-14BA-4313-A51B-A2960BD6F5DA} = {4F330EE3-EB9A-4B58-8682-E0815921771F}
		{E2A753C7-3601-472C-A8CF-516CA4DEFA6A} = {4F330EE3-EB9A-4B58-8682-E0815921771F}
		{8D64BF12-9F0D-4487-AE09-D11E95AFBE9D} = {C3F57797-2D54-4626-B842-51F30272E972}
		{3227661F-A60D-486F-A904-14BAF0EB991E} = {8D64BF12-9F0D-4487-AE09-D11E95AFBE9D}
		{9899B10E-C86A-460E-811B-033F93188808} = {8D64BF12-9F0D-4487-AE09-D11E95AFBE9D}
	EndGlobalSection
EndGlobal
